// !$*UTF8*$!
{
	archiveVersion = 1;
	classes = {
	};
	objectVersion = 51;
	objects = {

/* Begin PBXBuildFile section */
		8E07878725597AB200D732CE /* LocationComponent.swift in Sources */ = {isa = PBXBuildFile; fileRef = 8E07878625597AB200D732CE /* LocationComponent.swift */; };
		8E1C455B2559310500FDA721 /* ImageCacheManager.swift in Sources */ = {isa = PBXBuildFile; fileRef = 8E1C455A2559310500FDA721 /* ImageCacheManager.swift */; };
		8E1C455E255938AA00FDA721 /* ImageCacheInjected.swift in Sources */ = {isa = PBXBuildFile; fileRef = 8E1C455D255938AA00FDA721 /* ImageCacheInjected.swift */; };
		8E32677D255715A200399F6E /* Acknowledgements.plist in Resources */ = {isa = PBXBuildFile; fileRef = 8E32677C255715A200399F6E /* Acknowledgements.plist */; };
		8E4067142556ABEC00A8445A /* LetsEatAppCoordinator.swift in Sources */ = {isa = PBXBuildFile; fileRef = 8E4067132556ABEC00A8445A /* LetsEatAppCoordinator.swift */; };
		8E4067262556B47A00A8445A /* .swiftlint.yml in Resources */ = {isa = PBXBuildFile; fileRef = 8E4067252556B47A00A8445A /* .swiftlint.yml */; };
		8E4067502556B99000A8445A /* RestaurantListCoordinator.swift in Sources */ = {isa = PBXBuildFile; fileRef = 8E40674F2556B99000A8445A /* RestaurantListCoordinator.swift */; };
		8E4067542556BA4F00A8445A /* RestaurantListVC.swift in Sources */ = {isa = PBXBuildFile; fileRef = 8E4067532556BA4F00A8445A /* RestaurantListVC.swift */; };
		8E4067ED2556BC6B00A8445A /* RestaurantListVCDelegate.swift in Sources */ = {isa = PBXBuildFile; fileRef = 8E4067EC2556BC6B00A8445A /* RestaurantListVCDelegate.swift */; };
		8E4067F12556BD3900A8445A /* RestaurantListVM.swift in Sources */ = {isa = PBXBuildFile; fileRef = 8E4067F02556BD3900A8445A /* RestaurantListVM.swift */; };
		8E4067F52556C1CC00A8445A /* RestaurantComponent.swift in Sources */ = {isa = PBXBuildFile; fileRef = 8E4067F42556C1CC00A8445A /* RestaurantComponent.swift */; };
		8E4067F82556C44C00A8445A /* .sourcery.yml in Resources */ = {isa = PBXBuildFile; fileRef = 8E4067F72556C44C00A8445A /* .sourcery.yml */; };
		8E40685C2556CF8F00A8445A /* AutoHashableComponent+Cyanic.swift in Sources */ = {isa = PBXBuildFile; fileRef = 8E4068592556CF8F00A8445A /* AutoHashableComponent+Cyanic.swift */; };
		8E40685D2556CF8F00A8445A /* DataSourceControllers+Cyanic.swift in Sources */ = {isa = PBXBuildFile; fileRef = 8E40685A2556CF8F00A8445A /* DataSourceControllers+Cyanic.swift */; };
		8E40685E2556CF8F00A8445A /* AutoEquatableComponent+Cyanic.swift in Sources */ = {isa = PBXBuildFile; fileRef = 8E40685B2556CF8F00A8445A /* AutoEquatableComponent+Cyanic.swift */; };
		8E5330F62556A8D50088B120 /* AppDelegate.swift in Sources */ = {isa = PBXBuildFile; fileRef = 8E5330F52556A8D50088B120 /* AppDelegate.swift */; };
		8E5331022556A8D70088B120 /* Assets.xcassets in Resources */ = {isa = PBXBuildFile; fileRef = 8E5331012556A8D70088B120 /* Assets.xcassets */; };
		8E5331052556A8D70088B120 /* LaunchScreen.storyboard in Resources */ = {isa = PBXBuildFile; fileRef = 8E5331032556A8D70088B120 /* LaunchScreen.storyboard */; };
		8E8325FC2557C20600E26CC0 /* Location.swift in Sources */ = {isa = PBXBuildFile; fileRef = 8E8325FB2557C20600E26CC0 /* Location.swift */; };
		8E8325FF2557C4D300E26CC0 /* Ratings.swift in Sources */ = {isa = PBXBuildFile; fileRef = 8E8325FE2557C4D300E26CC0 /* Ratings.swift */; };
		8E8326022557D01200E26CC0 /* ImageHeaderComponent.swift in Sources */ = {isa = PBXBuildFile; fileRef = 8E8326012557D01200E26CC0 /* ImageHeaderComponent.swift */; };
		8E83263B2557D6C900E26CC0 /* UIImageViewExtensions.swift in Sources */ = {isa = PBXBuildFile; fileRef = 8E83263A2557D6C900E26CC0 /* UIImageViewExtensions.swift */; };
		8E8326402557E88000E26CC0 /* AcknowledgementsCoordinator.swift in Sources */ = {isa = PBXBuildFile; fileRef = 8E83263F2557E88000E26CC0 /* AcknowledgementsCoordinator.swift */; };
		8E8326452557E8AB00E26CC0 /* AcknowledgementsCoordinatorDelegate.swift in Sources */ = {isa = PBXBuildFile; fileRef = 8E8326442557E8AB00E26CC0 /* AcknowledgementsCoordinatorDelegate.swift */; };
		8E8326492557E8C700E26CC0 /* AcknowledgementsVCDelegate.swift in Sources */ = {isa = PBXBuildFile; fileRef = 8E8326482557E8C700E26CC0 /* AcknowledgementsVCDelegate.swift */; };
		8E83264C2557E95600E26CC0 /* AcknowledgementsVC.swift in Sources */ = {isa = PBXBuildFile; fileRef = 8E83264B2557E95600E26CC0 /* AcknowledgementsVC.swift */; };
		8E8326502557E9EE00E26CC0 /* Acknowledgement.swift in Sources */ = {isa = PBXBuildFile; fileRef = 8E83264F2557E9EE00E26CC0 /* Acknowledgement.swift */; };
		8E8326542557EAAE00E26CC0 /* AcknowledgementsVM.swift in Sources */ = {isa = PBXBuildFile; fileRef = 8E8326532557EAAE00E26CC0 /* AcknowledgementsVM.swift */; };
		8E8326C42558077400E26CC0 /* Category.swift in Sources */ = {isa = PBXBuildFile; fileRef = 8E8326C32558077400E26CC0 /* Category.swift */; };
		8E8326C82558079500E26CC0 /* CategoriesComponent.swift in Sources */ = {isa = PBXBuildFile; fileRef = 8E8326C72558079500E26CC0 /* CategoriesComponent.swift */; };
		8E91213E2556D694004E5D01 /* BaseConfiguration.swift in Sources */ = {isa = PBXBuildFile; fileRef = 8E91213D2556D694004E5D01 /* BaseConfiguration.swift */; };
		8E9121432556D846004E5D01 /* SearchRequest.swift in Sources */ = {isa = PBXBuildFile; fileRef = 8E9121422556D846004E5D01 /* SearchRequest.swift */; };
		8E9121482556DA2D004E5D01 /* Constants.swift in Sources */ = {isa = PBXBuildFile; fileRef = 8E9121472556DA2D004E5D01 /* Constants.swift */; };
		8E91214C2556DB5C004E5D01 /* Restaurant.swift in Sources */ = {isa = PBXBuildFile; fileRef = 8E91214B2556DB5C004E5D01 /* Restaurant.swift */; };
		8E91214F2556DCFB004E5D01 /* Restaurants.swift in Sources */ = {isa = PBXBuildFile; fileRef = 8E91214E2556DCFB004E5D01 /* Restaurants.swift */; };
		8E9121532556DE89004E5D01 /* AbstractAPIService.swift in Sources */ = {isa = PBXBuildFile; fileRef = 8E9121522556DE89004E5D01 /* AbstractAPIService.swift */; };
		8E9121582556DEBE004E5D01 /* RestaurantListService.swift in Sources */ = {isa = PBXBuildFile; fileRef = 8E9121572556DEBE004E5D01 /* RestaurantListService.swift */; };
		BEC730B89620E234A4A6B6A8 /* Pods_lets_eat_app_ios.framework in Frameworks */ = {isa = PBXBuildFile; fileRef = 9B868F49A6E7D103BDCB126F /* Pods_lets_eat_app_ios.framework */; };
/* End PBXBuildFile section */

/* Begin PBXFileReference section */
		098C6F0F6C803A2DC818BEA3 /* Pods-lets-eat-app-ios.release.xcconfig */ = {isa = PBXFileReference; includeInIndex = 1; lastKnownFileType = text.xcconfig; name = "Pods-lets-eat-app-ios.release.xcconfig"; path = "Target Support Files/Pods-lets-eat-app-ios/Pods-lets-eat-app-ios.release.xcconfig"; sourceTree = "<group>"; };
		19F096AD387556F7672B2F4F /* Pods-lets-eat-app-ios.debug.xcconfig */ = {isa = PBXFileReference; includeInIndex = 1; lastKnownFileType = text.xcconfig; name = "Pods-lets-eat-app-ios.debug.xcconfig"; path = "Target Support Files/Pods-lets-eat-app-ios/Pods-lets-eat-app-ios.debug.xcconfig"; sourceTree = "<group>"; };
		8E07878625597AB200D732CE /* LocationComponent.swift */ = {isa = PBXFileReference; lastKnownFileType = sourcecode.swift; path = LocationComponent.swift; sourceTree = "<group>"; };
		8E1C455A2559310500FDA721 /* ImageCacheManager.swift */ = {isa = PBXFileReference; lastKnownFileType = sourcecode.swift; path = ImageCacheManager.swift; sourceTree = "<group>"; };
		8E1C455D255938AA00FDA721 /* ImageCacheInjected.swift */ = {isa = PBXFileReference; lastKnownFileType = sourcecode.swift; path = ImageCacheInjected.swift; sourceTree = "<group>"; };
		8E32677C255715A200399F6E /* Acknowledgements.plist */ = {isa = PBXFileReference; lastKnownFileType = text.plist.xml; path = Acknowledgements.plist; sourceTree = "<group>"; };
		8E4067132556ABEC00A8445A /* LetsEatAppCoordinator.swift */ = {isa = PBXFileReference; lastKnownFileType = sourcecode.swift; path = LetsEatAppCoordinator.swift; sourceTree = "<group>"; };
		8E4067252556B47A00A8445A /* .swiftlint.yml */ = {isa = PBXFileReference; lastKnownFileType = text.yaml; path = .swiftlint.yml; sourceTree = "<group>"; };
		8E40674F2556B99000A8445A /* RestaurantListCoordinator.swift */ = {isa = PBXFileReference; lastKnownFileType = sourcecode.swift; path = RestaurantListCoordinator.swift; sourceTree = "<group>"; };
		8E4067532556BA4F00A8445A /* RestaurantListVC.swift */ = {isa = PBXFileReference; lastKnownFileType = sourcecode.swift; path = RestaurantListVC.swift; sourceTree = "<group>"; };
		8E4067EC2556BC6B00A8445A /* RestaurantListVCDelegate.swift */ = {isa = PBXFileReference; lastKnownFileType = sourcecode.swift; path = RestaurantListVCDelegate.swift; sourceTree = "<group>"; };
		8E4067F02556BD3900A8445A /* RestaurantListVM.swift */ = {isa = PBXFileReference; lastKnownFileType = sourcecode.swift; path = RestaurantListVM.swift; sourceTree = "<group>"; };
		8E4067F42556C1CC00A8445A /* RestaurantComponent.swift */ = {isa = PBXFileReference; lastKnownFileType = sourcecode.swift; path = RestaurantComponent.swift; sourceTree = "<group>"; };
		8E4067F72556C44C00A8445A /* .sourcery.yml */ = {isa = PBXFileReference; lastKnownFileType = text.yaml; path = .sourcery.yml; sourceTree = "<group>"; };
		8E4068592556CF8F00A8445A /* AutoHashableComponent+Cyanic.swift */ = {isa = PBXFileReference; fileEncoding = 4; lastKnownFileType = sourcecode.swift; path = "AutoHashableComponent+Cyanic.swift"; sourceTree = "<group>"; };
		8E40685A2556CF8F00A8445A /* DataSourceControllers+Cyanic.swift */ = {isa = PBXFileReference; fileEncoding = 4; lastKnownFileType = sourcecode.swift; path = "DataSourceControllers+Cyanic.swift"; sourceTree = "<group>"; };
		8E40685B2556CF8F00A8445A /* AutoEquatableComponent+Cyanic.swift */ = {isa = PBXFileReference; fileEncoding = 4; lastKnownFileType = sourcecode.swift; path = "AutoEquatableComponent+Cyanic.swift"; sourceTree = "<group>"; };
		8E5330F22556A8D50088B120 /* lets-eat-app-ios.app */ = {isa = PBXFileReference; explicitFileType = wrapper.application; includeInIndex = 0; path = "lets-eat-app-ios.app"; sourceTree = BUILT_PRODUCTS_DIR; };
		8E5330F52556A8D50088B120 /* AppDelegate.swift */ = {isa = PBXFileReference; lastKnownFileType = sourcecode.swift; path = AppDelegate.swift; sourceTree = "<group>"; };
		8E5331012556A8D70088B120 /* Assets.xcassets */ = {isa = PBXFileReference; lastKnownFileType = folder.assetcatalog; path = Assets.xcassets; sourceTree = "<group>"; };
		8E5331042556A8D70088B120 /* Base */ = {isa = PBXFileReference; lastKnownFileType = file.storyboard; name = Base; path = Base.lproj/LaunchScreen.storyboard; sourceTree = "<group>"; };
		8E5331062556A8D70088B120 /* Info.plist */ = {isa = PBXFileReference; lastKnownFileType = text.plist.xml; path = Info.plist; sourceTree = "<group>"; };
		8E8325FB2557C20600E26CC0 /* Location.swift */ = {isa = PBXFileReference; lastKnownFileType = sourcecode.swift; path = Location.swift; sourceTree = "<group>"; };
		8E8325FE2557C4D300E26CC0 /* Ratings.swift */ = {isa = PBXFileReference; lastKnownFileType = sourcecode.swift; path = Ratings.swift; sourceTree = "<group>"; };
		8E8326012557D01200E26CC0 /* ImageHeaderComponent.swift */ = {isa = PBXFileReference; lastKnownFileType = sourcecode.swift; path = ImageHeaderComponent.swift; sourceTree = "<group>"; };
		8E83263A2557D6C900E26CC0 /* UIImageViewExtensions.swift */ = {isa = PBXFileReference; lastKnownFileType = sourcecode.swift; path = UIImageViewExtensions.swift; sourceTree = "<group>"; };
		8E83263F2557E88000E26CC0 /* AcknowledgementsCoordinator.swift */ = {isa = PBXFileReference; lastKnownFileType = sourcecode.swift; path = AcknowledgementsCoordinator.swift; sourceTree = "<group>"; };
		8E8326442557E8AB00E26CC0 /* AcknowledgementsCoordinatorDelegate.swift */ = {isa = PBXFileReference; lastKnownFileType = sourcecode.swift; path = AcknowledgementsCoordinatorDelegate.swift; sourceTree = "<group>"; };
		8E8326482557E8C700E26CC0 /* AcknowledgementsVCDelegate.swift */ = {isa = PBXFileReference; lastKnownFileType = sourcecode.swift; path = AcknowledgementsVCDelegate.swift; sourceTree = "<group>"; };
		8E83264B2557E95600E26CC0 /* AcknowledgementsVC.swift */ = {isa = PBXFileReference; lastKnownFileType = sourcecode.swift; path = AcknowledgementsVC.swift; sourceTree = "<group>"; };
		8E83264F2557E9EE00E26CC0 /* Acknowledgement.swift */ = {isa = PBXFileReference; lastKnownFileType = sourcecode.swift; path = Acknowledgement.swift; sourceTree = "<group>"; };
		8E8326532557EAAE00E26CC0 /* AcknowledgementsVM.swift */ = {isa = PBXFileReference; lastKnownFileType = sourcecode.swift; path = AcknowledgementsVM.swift; sourceTree = "<group>"; };
		8E8326C32558077400E26CC0 /* Category.swift */ = {isa = PBXFileReference; lastKnownFileType = sourcecode.swift; path = Category.swift; sourceTree = "<group>"; };
		8E8326C72558079500E26CC0 /* CategoriesComponent.swift */ = {isa = PBXFileReference; lastKnownFileType = sourcecode.swift; path = CategoriesComponent.swift; sourceTree = "<group>"; };
		8E91213D2556D694004E5D01 /* BaseConfiguration.swift */ = {isa = PBXFileReference; lastKnownFileType = sourcecode.swift; path = BaseConfiguration.swift; sourceTree = "<group>"; };
		8E9121422556D846004E5D01 /* SearchRequest.swift */ = {isa = PBXFileReference; lastKnownFileType = sourcecode.swift; path = SearchRequest.swift; sourceTree = "<group>"; };
		8E9121472556DA2D004E5D01 /* Constants.swift */ = {isa = PBXFileReference; lastKnownFileType = sourcecode.swift; path = Constants.swift; sourceTree = "<group>"; };
		8E91214B2556DB5C004E5D01 /* Restaurant.swift */ = {isa = PBXFileReference; lastKnownFileType = sourcecode.swift; path = Restaurant.swift; sourceTree = "<group>"; };
		8E91214E2556DCFB004E5D01 /* Restaurants.swift */ = {isa = PBXFileReference; lastKnownFileType = sourcecode.swift; path = Restaurants.swift; sourceTree = "<group>"; };
		8E9121522556DE89004E5D01 /* AbstractAPIService.swift */ = {isa = PBXFileReference; lastKnownFileType = sourcecode.swift; path = AbstractAPIService.swift; sourceTree = "<group>"; };
		8E9121572556DEBE004E5D01 /* RestaurantListService.swift */ = {isa = PBXFileReference; lastKnownFileType = sourcecode.swift; path = RestaurantListService.swift; sourceTree = "<group>"; };
		9B868F49A6E7D103BDCB126F /* Pods_lets_eat_app_ios.framework */ = {isa = PBXFileReference; explicitFileType = wrapper.framework; includeInIndex = 0; path = Pods_lets_eat_app_ios.framework; sourceTree = BUILT_PRODUCTS_DIR; };
/* End PBXFileReference section */

/* Begin PBXFrameworksBuildPhase section */
		8E5330EF2556A8D50088B120 /* Frameworks */ = {
			isa = PBXFrameworksBuildPhase;
			buildActionMask = 2147483647;
			files = (
				BEC730B89620E234A4A6B6A8 /* Pods_lets_eat_app_ios.framework in Frameworks */,
			);
			runOnlyForDeploymentPostprocessing = 0;
		};
/* End PBXFrameworksBuildPhase section */

/* Begin PBXGroup section */
		69B6114A8A74798A9CFF706C /* Frameworks */ = {
			isa = PBXGroup;
			children = (
				9B868F49A6E7D103BDCB126F /* Pods_lets_eat_app_ios.framework */,
			);
			name = Frameworks;
			sourceTree = "<group>";
		};
		8E4067122556ABBB00A8445A /* AppControllers */ = {
			isa = PBXGroup;
			children = (
				8E5330F52556A8D50088B120 /* AppDelegate.swift */,
				8E4067132556ABEC00A8445A /* LetsEatAppCoordinator.swift */,
			);
			path = AppControllers;
			sourceTree = "<group>";
		};
		8E4067172556ACBA00A8445A /* Supporting Files */ = {
			isa = PBXGroup;
			children = (
				8E5331062556A8D70088B120 /* Info.plist */,
				8E5331032556A8D70088B120 /* LaunchScreen.storyboard */,
				8E5331012556A8D70088B120 /* Assets.xcassets */,
				8E32677C255715A200399F6E /* Acknowledgements.plist */,
			);
			path = "Supporting Files";
			sourceTree = "<group>";
		};
		8E40674E2556B96B00A8445A /* RestaurantList */ = {
			isa = PBXGroup;
			children = (
				8E8326C22558074D00E26CC0 /* Enums */,
				8E9121562556DEA1004E5D01 /* Services */,
				8E9121412556D824004E5D01 /* Models */,
				8E91213B2556D667004E5D01 /* Networking */,
				8E4067F32556C12700A8445A /* Components */,
				8E4067EF2556BD1900A8445A /* ViewModel */,
				8E4067EB2556BC5700A8445A /* Protocols */,
				8E40674F2556B99000A8445A /* RestaurantListCoordinator.swift */,
				8E4067532556BA4F00A8445A /* RestaurantListVC.swift */,
			);
			path = RestaurantList;
			sourceTree = "<group>";
		};
		8E4067EB2556BC5700A8445A /* Protocols */ = {
			isa = PBXGroup;
			children = (
				8E4067EC2556BC6B00A8445A /* RestaurantListVCDelegate.swift */,
			);
			path = Protocols;
			sourceTree = "<group>";
		};
		8E4067EF2556BD1900A8445A /* ViewModel */ = {
			isa = PBXGroup;
			children = (
				8E4067F02556BD3900A8445A /* RestaurantListVM.swift */,
			);
			path = ViewModel;
			sourceTree = "<group>";
		};
		8E4067F32556C12700A8445A /* Components */ = {
			isa = PBXGroup;
			children = (
				8E4067F42556C1CC00A8445A /* RestaurantComponent.swift */,
				8E8326012557D01200E26CC0 /* ImageHeaderComponent.swift */,
				8E8326C72558079500E26CC0 /* CategoriesComponent.swift */,
				8E07878625597AB200D732CE /* LocationComponent.swift */,
			);
			path = Components;
			sourceTree = "<group>";
		};
		8E4068582556CF8F00A8445A /* Sourcery */ = {
			isa = PBXGroup;
			children = (
				8E4068592556CF8F00A8445A /* AutoHashableComponent+Cyanic.swift */,
				8E40685A2556CF8F00A8445A /* DataSourceControllers+Cyanic.swift */,
				8E40685B2556CF8F00A8445A /* AutoEquatableComponent+Cyanic.swift */,
			);
			path = Sourcery;
			sourceTree = "<group>";
		};
		8E5330E92556A8D50088B120 = {
			isa = PBXGroup;
			children = (
				8E4067F72556C44C00A8445A /* .sourcery.yml */,
				8E4067252556B47A00A8445A /* .swiftlint.yml */,
				8E5330F42556A8D50088B120 /* Source */,
				8E5330F32556A8D50088B120 /* Products */,
				A8C9BD3586356855C99ACEE9 /* Pods */,
				69B6114A8A74798A9CFF706C /* Frameworks */,
			);
			sourceTree = "<group>";
		};
		8E5330F32556A8D50088B120 /* Products */ = {
			isa = PBXGroup;
			children = (
				8E5330F22556A8D50088B120 /* lets-eat-app-ios.app */,
			);
			name = Products;
			sourceTree = "<group>";
		};
		8E5330F42556A8D50088B120 /* Source */ = {
			isa = PBXGroup;
			children = (
				8E83263E2557E83000E26CC0 /* Acknowledgements */,
				8E8326392557D6B400E26CC0 /* Extensions */,
				8E4067172556ACBA00A8445A /* Supporting Files */,
				8E9121462556DA1F004E5D01 /* Utilities */,
				8E4068582556CF8F00A8445A /* Sourcery */,
				8E4067122556ABBB00A8445A /* AppControllers */,
				8E40674E2556B96B00A8445A /* RestaurantList */,
			);
			path = Source;
			sourceTree = "<group>";
		};
		8E8326332557D2B600E26CC0 /* Classes */ = {
			isa = PBXGroup;
			children = (
				8E1C455A2559310500FDA721 /* ImageCacheManager.swift */,
			);
			path = Classes;
			sourceTree = "<group>";
		};
		8E8326392557D6B400E26CC0 /* Extensions */ = {
			isa = PBXGroup;
			children = (
				8E83263A2557D6C900E26CC0 /* UIImageViewExtensions.swift */,
			);
			path = Extensions;
			sourceTree = "<group>";
		};
		8E83263E2557E83000E26CC0 /* Acknowledgements */ = {
			isa = PBXGroup;
			children = (
				8E8326522557EA9000E26CC0 /* ViewModels */,
				8E83264E2557E9E100E26CC0 /* Models */,
				8E8326432557E89A00E26CC0 /* Protocols */,
				8E83263F2557E88000E26CC0 /* AcknowledgementsCoordinator.swift */,
				8E83264B2557E95600E26CC0 /* AcknowledgementsVC.swift */,
			);
			path = Acknowledgements;
			sourceTree = "<group>";
		};
		8E8326432557E89A00E26CC0 /* Protocols */ = {
			isa = PBXGroup;
			children = (
				8E8326442557E8AB00E26CC0 /* AcknowledgementsCoordinatorDelegate.swift */,
				8E8326482557E8C700E26CC0 /* AcknowledgementsVCDelegate.swift */,
			);
			path = Protocols;
			sourceTree = "<group>";
		};
		8E83264E2557E9E100E26CC0 /* Models */ = {
			isa = PBXGroup;
			children = (
				8E83264F2557E9EE00E26CC0 /* Acknowledgement.swift */,
			);
			path = Models;
			sourceTree = "<group>";
		};
		8E8326522557EA9000E26CC0 /* ViewModels */ = {
			isa = PBXGroup;
			children = (
				8E8326532557EAAE00E26CC0 /* AcknowledgementsVM.swift */,
			);
			path = ViewModels;
			sourceTree = "<group>";
		};
		8E8326C22558074D00E26CC0 /* Enums */ = {
			isa = PBXGroup;
			children = (
				8E8326C32558077400E26CC0 /* Category.swift */,
			);
			path = Enums;
			sourceTree = "<group>";
		};
		8E91213B2556D667004E5D01 /* Networking */ = {
			isa = PBXGroup;
			children = (
				8E9121422556D846004E5D01 /* SearchRequest.swift */,
			);
			path = Networking;
			sourceTree = "<group>";
		};
		8E9121412556D824004E5D01 /* Models */ = {
			isa = PBXGroup;
			children = (
				8E91214B2556DB5C004E5D01 /* Restaurant.swift */,
				8E91214E2556DCFB004E5D01 /* Restaurants.swift */,
				8E8325FB2557C20600E26CC0 /* Location.swift */,
				8E8325FE2557C4D300E26CC0 /* Ratings.swift */,
			);
			path = Models;
			sourceTree = "<group>";
		};
		8E9121462556DA1F004E5D01 /* Utilities */ = {
			isa = PBXGroup;
			children = (
				8E8326332557D2B600E26CC0 /* Classes */,
				8E9121512556DE78004E5D01 /* Protocols */,
				8E91214A2556DB11004E5D01 /* Networking */,
				8E9121472556DA2D004E5D01 /* Constants.swift */,
			);
			path = Utilities;
			sourceTree = "<group>";
		};
		8E91214A2556DB11004E5D01 /* Networking */ = {
			isa = PBXGroup;
			children = (
				8E91213D2556D694004E5D01 /* BaseConfiguration.swift */,
			);
			path = Networking;
			sourceTree = "<group>";
		};
		8E9121512556DE78004E5D01 /* Protocols */ = {
			isa = PBXGroup;
			children = (
				8E9121522556DE89004E5D01 /* AbstractAPIService.swift */,
				8E1C455D255938AA00FDA721 /* ImageCacheInjected.swift */,
			);
			path = Protocols;
			sourceTree = "<group>";
		};
		8E9121562556DEA1004E5D01 /* Services */ = {
			isa = PBXGroup;
			children = (
				8E9121572556DEBE004E5D01 /* RestaurantListService.swift */,
			);
			path = Services;
			sourceTree = "<group>";
		};
		A8C9BD3586356855C99ACEE9 /* Pods */ = {
			isa = PBXGroup;
			children = (
				19F096AD387556F7672B2F4F /* Pods-lets-eat-app-ios.debug.xcconfig */,
				098C6F0F6C803A2DC818BEA3 /* Pods-lets-eat-app-ios.release.xcconfig */,
			);
			path = Pods;
			sourceTree = "<group>";
		};
/* End PBXGroup section */

/* Begin PBXNativeTarget section */
		8E5330F12556A8D50088B120 /* lets-eat-app-ios */ = {
			isa = PBXNativeTarget;
			buildConfigurationList = 8E5331092556A8D70088B120 /* Build configuration list for PBXNativeTarget "lets-eat-app-ios" */;
			buildPhases = (
				A3C639500A405D5C7D783832 /* [CP] Check Pods Manifest.lock */,
				8E5330EE2556A8D50088B120 /* Sources */,
				8E5330EF2556A8D50088B120 /* Frameworks */,
				8E5330F02556A8D50088B120 /* Resources */,
				8E4067232556B3D300A8445A /* ShellScript */,
				B33E259037B124F912EC61A7 /* [CP] Embed Pods Frameworks */,
			);
			buildRules = (
			);
			dependencies = (
			);
			name = "lets-eat-app-ios";
			productName = "lets-eat-app-ios";
			productReference = 8E5330F22556A8D50088B120 /* lets-eat-app-ios.app */;
			productType = "com.apple.product-type.application";
		};
/* End PBXNativeTarget section */

/* Begin PBXProject section */
		8E5330EA2556A8D50088B120 /* Project object */ = {
			isa = PBXProject;
			attributes = {
				LastSwiftUpdateCheck = 1200;
				LastUpgradeCheck = 1200;
				TargetAttributes = {
					8E5330F12556A8D50088B120 = {
						CreatedOnToolsVersion = 12.0.1;
					};
				};
			};
			buildConfigurationList = 8E5330ED2556A8D50088B120 /* Build configuration list for PBXProject "lets-eat-app-ios" */;
			compatibilityVersion = "Xcode 9.3";
			developmentRegion = en;
			hasScannedForEncodings = 0;
			knownRegions = (
				en,
				Base,
			);
			mainGroup = 8E5330E92556A8D50088B120;
			productRefGroup = 8E5330F32556A8D50088B120 /* Products */;
			projectDirPath = "";
			projectRoot = "";
			targets = (
				8E5330F12556A8D50088B120 /* lets-eat-app-ios */,
			);
		};
/* End PBXProject section */

/* Begin PBXResourcesBuildPhase section */
		8E5330F02556A8D50088B120 /* Resources */ = {
			isa = PBXResourcesBuildPhase;
			buildActionMask = 2147483647;
			files = (
				8E32677D255715A200399F6E /* Acknowledgements.plist in Resources */,
				8E4067262556B47A00A8445A /* .swiftlint.yml in Resources */,
				8E5331052556A8D70088B120 /* LaunchScreen.storyboard in Resources */,
				8E5331022556A8D70088B120 /* Assets.xcassets in Resources */,
				8E4067F82556C44C00A8445A /* .sourcery.yml in Resources */,
			);
			runOnlyForDeploymentPostprocessing = 0;
		};
/* End PBXResourcesBuildPhase section */

/* Begin PBXShellScriptBuildPhase section */
		8E4067232556B3D300A8445A /* ShellScript */ = {
			isa = PBXShellScriptBuildPhase;
			buildActionMask = 2147483647;
			files = (
			);
			inputFileListPaths = (
			);
			inputPaths = (
			);
			outputFileListPaths = (
			);
			outputPaths = (
			);
			runOnlyForDeploymentPostprocessing = 0;
			shellPath = /bin/sh;
			shellScript = "# Type a script or drag a script file from your workspace to insert its path.\nswiftlint lint --quiet $@ | sed 's/error: /warning: /g'\n";
		};
		A3C639500A405D5C7D783832 /* [CP] Check Pods Manifest.lock */ = {
			isa = PBXShellScriptBuildPhase;
			buildActionMask = 2147483647;
			files = (
			);
			inputFileListPaths = (
			);
			inputPaths = (
				"${PODS_PODFILE_DIR_PATH}/Podfile.lock",
				"${PODS_ROOT}/Manifest.lock",
			);
			name = "[CP] Check Pods Manifest.lock";
			outputFileListPaths = (
			);
			outputPaths = (
				"$(DERIVED_FILE_DIR)/Pods-lets-eat-app-ios-checkManifestLockResult.txt",
			);
			runOnlyForDeploymentPostprocessing = 0;
			shellPath = /bin/sh;
			shellScript = "diff \"${PODS_PODFILE_DIR_PATH}/Podfile.lock\" \"${PODS_ROOT}/Manifest.lock\" > /dev/null\nif [ $? != 0 ] ; then\n    # print error to STDERR\n    echo \"error: The sandbox is not in sync with the Podfile.lock. Run 'pod install' or update your CocoaPods installation.\" >&2\n    exit 1\nfi\n# This output is used by Xcode 'outputs' to avoid re-running this script phase.\necho \"SUCCESS\" > \"${SCRIPT_OUTPUT_FILE_0}\"\n";
			showEnvVarsInLog = 0;
		};
		B33E259037B124F912EC61A7 /* [CP] Embed Pods Frameworks */ = {
			isa = PBXShellScriptBuildPhase;
			buildActionMask = 2147483647;
			files = (
			);
			inputFileListPaths = (
				"${PODS_ROOT}/Target Support Files/Pods-lets-eat-app-ios/Pods-lets-eat-app-ios-frameworks-${CONFIGURATION}-input-files.xcfilelist",
			);
			name = "[CP] Embed Pods Frameworks";
			outputFileListPaths = (
				"${PODS_ROOT}/Target Support Files/Pods-lets-eat-app-ios/Pods-lets-eat-app-ios-frameworks-${CONFIGURATION}-output-files.xcfilelist",
			);
			runOnlyForDeploymentPostprocessing = 0;
			shellPath = /bin/sh;
			shellScript = "\"${PODS_ROOT}/Target Support Files/Pods-lets-eat-app-ios/Pods-lets-eat-app-ios-frameworks.sh\"\n";
			showEnvVarsInLog = 0;
		};
/* End PBXShellScriptBuildPhase section */

/* Begin PBXSourcesBuildPhase section */
		8E5330EE2556A8D50088B120 /* Sources */ = {
			isa = PBXSourcesBuildPhase;
			buildActionMask = 2147483647;
			files = (
				8E40685E2556CF8F00A8445A /* AutoEquatableComponent+Cyanic.swift in Sources */,
				8E9121432556D846004E5D01 /* SearchRequest.swift in Sources */,
				8E1C455B2559310500FDA721 /* ImageCacheManager.swift in Sources */,
				8E9121532556DE89004E5D01 /* AbstractAPIService.swift in Sources */,
				8E4067142556ABEC00A8445A /* LetsEatAppCoordinator.swift in Sources */,
				8E8326492557E8C700E26CC0 /* AcknowledgementsVCDelegate.swift in Sources */,
				8E8325FC2557C20600E26CC0 /* Location.swift in Sources */,
				8E1C455E255938AA00FDA721 /* ImageCacheInjected.swift in Sources */,
				8E83264C2557E95600E26CC0 /* AcknowledgementsVC.swift in Sources */,
				8E4067F12556BD3900A8445A /* RestaurantListVM.swift in Sources */,
				8E4067502556B99000A8445A /* RestaurantListCoordinator.swift in Sources */,
				8E8326402557E88000E26CC0 /* AcknowledgementsCoordinator.swift in Sources */,
				8E8326502557E9EE00E26CC0 /* Acknowledgement.swift in Sources */,
				8E83263B2557D6C900E26CC0 /* UIImageViewExtensions.swift in Sources */,
				8E8326C42558077400E26CC0 /* Category.swift in Sources */,
				8E8326542557EAAE00E26CC0 /* AcknowledgementsVM.swift in Sources */,
				8E5330F62556A8D50088B120 /* AppDelegate.swift in Sources */,
				8E4067ED2556BC6B00A8445A /* RestaurantListVCDelegate.swift in Sources */,
				8E9121582556DEBE004E5D01 /* RestaurantListService.swift in Sources */,
				8E8326452557E8AB00E26CC0 /* AcknowledgementsCoordinatorDelegate.swift in Sources */,
				8E8326C82558079500E26CC0 /* CategoriesComponent.swift in Sources */,
				8E9121482556DA2D004E5D01 /* Constants.swift in Sources */,
				8E4067F52556C1CC00A8445A /* RestaurantComponent.swift in Sources */,
				8E8326022557D01200E26CC0 /* ImageHeaderComponent.swift in Sources */,
				8E91213E2556D694004E5D01 /* BaseConfiguration.swift in Sources */,
				8E91214F2556DCFB004E5D01 /* Restaurants.swift in Sources */,
				8E91214C2556DB5C004E5D01 /* Restaurant.swift in Sources */,
				8E4067542556BA4F00A8445A /* RestaurantListVC.swift in Sources */,
				8E8325FF2557C4D300E26CC0 /* Ratings.swift in Sources */,
				8E40685D2556CF8F00A8445A /* DataSourceControllers+Cyanic.swift in Sources */,
				8E07878725597AB200D732CE /* LocationComponent.swift in Sources */,
				8E40685C2556CF8F00A8445A /* AutoHashableComponent+Cyanic.swift in Sources */,
			);
			runOnlyForDeploymentPostprocessing = 0;
		};
/* End PBXSourcesBuildPhase section */

/* Begin PBXVariantGroup section */
		8E5331032556A8D70088B120 /* LaunchScreen.storyboard */ = {
			isa = PBXVariantGroup;
			children = (
				8E5331042556A8D70088B120 /* Base */,
			);
			name = LaunchScreen.storyboard;
			sourceTree = "<group>";
		};
/* End PBXVariantGroup section */

/* Begin XCBuildConfiguration section */
		8E5331072556A8D70088B120 /* Debug */ = {
			isa = XCBuildConfiguration;
			buildSettings = {
				ALWAYS_SEARCH_USER_PATHS = NO;
				CLANG_ANALYZER_NONNULL = YES;
				CLANG_ANALYZER_NUMBER_OBJECT_CONVERSION = YES_AGGRESSIVE;
				CLANG_CXX_LANGUAGE_STANDARD = "gnu++14";
				CLANG_CXX_LIBRARY = "libc++";
				CLANG_ENABLE_MODULES = YES;
				CLANG_ENABLE_OBJC_ARC = YES;
				CLANG_ENABLE_OBJC_WEAK = YES;
				CLANG_WARN_BLOCK_CAPTURE_AUTORELEASING = YES;
				CLANG_WARN_BOOL_CONVERSION = YES;
				CLANG_WARN_COMMA = YES;
				CLANG_WARN_CONSTANT_CONVERSION = YES;
				CLANG_WARN_DEPRECATED_OBJC_IMPLEMENTATIONS = YES;
				CLANG_WARN_DIRECT_OBJC_ISA_USAGE = YES_ERROR;
				CLANG_WARN_DOCUMENTATION_COMMENTS = YES;
				CLANG_WARN_EMPTY_BODY = YES;
				CLANG_WARN_ENUM_CONVERSION = YES;
				CLANG_WARN_INFINITE_RECURSION = YES;
				CLANG_WARN_INT_CONVERSION = YES;
				CLANG_WARN_NON_LITERAL_NULL_CONVERSION = YES;
				CLANG_WARN_OBJC_IMPLICIT_RETAIN_SELF = YES;
				CLANG_WARN_OBJC_LITERAL_CONVERSION = YES;
				CLANG_WARN_OBJC_ROOT_CLASS = YES_ERROR;
				CLANG_WARN_QUOTED_INCLUDE_IN_FRAMEWORK_HEADER = YES;
				CLANG_WARN_RANGE_LOOP_ANALYSIS = YES;
				CLANG_WARN_STRICT_PROTOTYPES = YES;
				CLANG_WARN_SUSPICIOUS_MOVE = YES;
				CLANG_WARN_UNGUARDED_AVAILABILITY = YES_AGGRESSIVE;
				CLANG_WARN_UNREACHABLE_CODE = YES;
				CLANG_WARN__DUPLICATE_METHOD_MATCH = YES;
				COPY_PHASE_STRIP = NO;
				DEBUG_INFORMATION_FORMAT = dwarf;
				ENABLE_STRICT_OBJC_MSGSEND = YES;
				ENABLE_TESTABILITY = YES;
				GCC_C_LANGUAGE_STANDARD = gnu11;
				GCC_DYNAMIC_NO_PIC = NO;
				GCC_NO_COMMON_BLOCKS = YES;
				GCC_OPTIMIZATION_LEVEL = 0;
				GCC_PREPROCESSOR_DEFINITIONS = (
					"DEBUG=1",
					"$(inherited)",
				);
				GCC_WARN_64_TO_32_BIT_CONVERSION = YES;
				GCC_WARN_ABOUT_RETURN_TYPE = YES_ERROR;
				GCC_WARN_UNDECLARED_SELECTOR = YES;
				GCC_WARN_UNINITIALIZED_AUTOS = YES_AGGRESSIVE;
				GCC_WARN_UNUSED_FUNCTION = YES;
				GCC_WARN_UNUSED_VARIABLE = YES;
				IPHONEOS_DEPLOYMENT_TARGET = 11.0;
				MTL_ENABLE_DEBUG_INFO = INCLUDE_SOURCE;
				MTL_FAST_MATH = YES;
				ONLY_ACTIVE_ARCH = YES;
				SDKROOT = iphoneos;
				SWIFT_ACTIVE_COMPILATION_CONDITIONS = DEBUG;
				SWIFT_OPTIMIZATION_LEVEL = "-Onone";
			};
			name = Debug;
		};
		8E5331082556A8D70088B120 /* Release */ = {
			isa = XCBuildConfiguration;
			buildSettings = {
				ALWAYS_SEARCH_USER_PATHS = NO;
				CLANG_ANALYZER_NONNULL = YES;
				CLANG_ANALYZER_NUMBER_OBJECT_CONVERSION = YES_AGGRESSIVE;
				CLANG_CXX_LANGUAGE_STANDARD = "gnu++14";
				CLANG_CXX_LIBRARY = "libc++";
				CLANG_ENABLE_MODULES = YES;
				CLANG_ENABLE_OBJC_ARC = YES;
				CLANG_ENABLE_OBJC_WEAK = YES;
				CLANG_WARN_BLOCK_CAPTURE_AUTORELEASING = YES;
				CLANG_WARN_BOOL_CONVERSION = YES;
				CLANG_WARN_COMMA = YES;
				CLANG_WARN_CONSTANT_CONVERSION = YES;
				CLANG_WARN_DEPRECATED_OBJC_IMPLEMENTATIONS = YES;
				CLANG_WARN_DIRECT_OBJC_ISA_USAGE = YES_ERROR;
				CLANG_WARN_DOCUMENTATION_COMMENTS = YES;
				CLANG_WARN_EMPTY_BODY = YES;
				CLANG_WARN_ENUM_CONVERSION = YES;
				CLANG_WARN_INFINITE_RECURSION = YES;
				CLANG_WARN_INT_CONVERSION = YES;
				CLANG_WARN_NON_LITERAL_NULL_CONVERSION = YES;
				CLANG_WARN_OBJC_IMPLICIT_RETAIN_SELF = YES;
				CLANG_WARN_OBJC_LITERAL_CONVERSION = YES;
				CLANG_WARN_OBJC_ROOT_CLASS = YES_ERROR;
				CLANG_WARN_QUOTED_INCLUDE_IN_FRAMEWORK_HEADER = YES;
				CLANG_WARN_RANGE_LOOP_ANALYSIS = YES;
				CLANG_WARN_STRICT_PROTOTYPES = YES;
				CLANG_WARN_SUSPICIOUS_MOVE = YES;
				CLANG_WARN_UNGUARDED_AVAILABILITY = YES_AGGRESSIVE;
				CLANG_WARN_UNREACHABLE_CODE = YES;
				CLANG_WARN__DUPLICATE_METHOD_MATCH = YES;
				COPY_PHASE_STRIP = NO;
				DEBUG_INFORMATION_FORMAT = "dwarf-with-dsym";
				ENABLE_NS_ASSERTIONS = NO;
				ENABLE_STRICT_OBJC_MSGSEND = YES;
				GCC_C_LANGUAGE_STANDARD = gnu11;
				GCC_NO_COMMON_BLOCKS = YES;
				GCC_WARN_64_TO_32_BIT_CONVERSION = YES;
				GCC_WARN_ABOUT_RETURN_TYPE = YES_ERROR;
				GCC_WARN_UNDECLARED_SELECTOR = YES;
				GCC_WARN_UNINITIALIZED_AUTOS = YES_AGGRESSIVE;
				GCC_WARN_UNUSED_FUNCTION = YES;
				GCC_WARN_UNUSED_VARIABLE = YES;
				IPHONEOS_DEPLOYMENT_TARGET = 11.0;
				MTL_ENABLE_DEBUG_INFO = NO;
				MTL_FAST_MATH = YES;
				SDKROOT = iphoneos;
				SWIFT_COMPILATION_MODE = wholemodule;
				SWIFT_OPTIMIZATION_LEVEL = "-O";
				VALIDATE_PRODUCT = YES;
			};
			name = Release;
		};
		8E53310A2556A8D70088B120 /* Debug */ = {
			isa = XCBuildConfiguration;
			baseConfigurationReference = 19F096AD387556F7672B2F4F /* Pods-lets-eat-app-ios.debug.xcconfig */;
			buildSettings = {
				ASSETCATALOG_COMPILER_APPICON_NAME = AppIcon;
				ASSETCATALOG_COMPILER_GLOBAL_ACCENT_COLOR_NAME = AccentColor;
				CODE_SIGN_STYLE = Automatic;
				INFOPLIST_FILE = "$(SRCROOT)/Source/Supporting Files/Info.plist";
				IPHONEOS_DEPLOYMENT_TARGET = 11.0;
				LD_RUNPATH_SEARCH_PATHS = (
					"$(inherited)",
					"@executable_path/Frameworks",
				);
				PRODUCT_BUNDLE_IDENTIFIER = "com.rael.lets-eat-app-ios";
				PRODUCT_NAME = "$(TARGET_NAME)";
				SWIFT_VERSION = 5.0;
				TARGETED_DEVICE_FAMILY = "1,2";
			};
			name = Debug;
		};
		8E53310B2556A8D70088B120 /* Release */ = {
			isa = XCBuildConfiguration;
			baseConfigurationReference = 098C6F0F6C803A2DC818BEA3 /* Pods-lets-eat-app-ios.release.xcconfig */;
			buildSettings = {
				ASSETCATALOG_COMPILER_APPICON_NAME = AppIcon;
				ASSETCATALOG_COMPILER_GLOBAL_ACCENT_COLOR_NAME = AccentColor;
				CODE_SIGN_STYLE = Automatic;
				INFOPLIST_FILE = "$(SRCROOT)/Source/Supporting Files/Info.plist";
				IPHONEOS_DEPLOYMENT_TARGET = 11.0;
				LD_RUNPATH_SEARCH_PATHS = (
					"$(inherited)",
					"@executable_path/Frameworks",
				);
				PRODUCT_BUNDLE_IDENTIFIER = "com.rael.lets-eat-app-ios";
				PRODUCT_NAME = "$(TARGET_NAME)";
				SWIFT_VERSION = 5.0;
				TARGETED_DEVICE_FAMILY = "1,2";
			};
			name = Release;
		};
/* End XCBuildConfiguration section */

/* Begin XCConfigurationList section */
		8E5330ED2556A8D50088B120 /* Build configuration list for PBXProject "lets-eat-app-ios" */ = {
			isa = XCConfigurationList;
			buildConfigurations = (
				8E5331072556A8D70088B120 /* Debug */,
				8E5331082556A8D70088B120 /* Release */,
			);
			defaultConfigurationIsVisible = 0;
			defaultConfigurationName = Release;
		};
		8E5331092556A8D70088B120 /* Build configuration list for PBXNativeTarget "lets-eat-app-ios" */ = {
			isa = XCConfigurationList;
			buildConfigurations = (
				8E53310A2556A8D70088B120 /* Debug */,
				8E53310B2556A8D70088B120 /* Release */,
			);
			defaultConfigurationIsVisible = 0;
			defaultConfigurationName = Release;
		};
/* End XCConfigurationList section */
	};
	rootObject = 8E5330EA2556A8D50088B120 /* Project object */;
}
